
Microsoft Visual Studio Solution File, Format Version 12.00
# Visual Studio Version 17
VisualStudioVersion = 17.2.32630.192
MinimumVisualStudioVersion = 10.0.40219.1
Project("{E53339B2-1760-4266-BCC7-CA923CBCF16C}") = "docker-compose", "docker-compose.dcproj", "{9BAE0089-26EC-466A-8AB2-EFE773CD9395}"
EndProject
Project("{9A19103F-16F7-4668-BE54-9A1E7A4F7556}") = "HiperMicroservice", "HiperMicroservice\HiperMicroservice.csproj", "{3CBB55C4-AB73-43DB-AF44-0DB5002F832C}"
EndProject
Project("{9A19103F-16F7-4668-BE54-9A1E7A4F7556}") = "HiperShared", "HiperShared\HiperShared.csproj", "{A00EFFB4-072E-41D2-95CA-8D090D5F7B32}"
EndProject
Project("{9A19103F-16F7-4668-BE54-9A1E7A4F7556}") = "HiperBlazorServer", "..\HiperBlazorServer\HiperBlazorServer.csproj", "{2C986016-42A0-4CFF-8CD3-F4DAA3177129}"
EndProject
Project("{FAE04EC0-301F-11D3-BF4B-00C04F79EFBC}") = "HiperTests", "..\HiperTests\HiperTests.csproj", "{62F0A49B-D898-468F-A2BB-6767CBD549F5}"
EndProject
Global
	GlobalSection(SolutionConfigurationPlatforms) = preSolution
		Debug|Any CPU = Debug|Any CPU
		Release|Any CPU = Release|Any CPU
	EndGlobalSection
	GlobalSection(ProjectConfigurationPlatforms) = postSolution
		{9BAE0089-26EC-466A-8AB2-EFE773CD9395}.Debug|Any CPU.ActiveCfg = Debug|Any CPU
		{9BAE0089-26EC-466A-8AB2-EFE773CD9395}.Debug|Any CPU.Build.0 = Debug|Any CPU
		{9BAE0089-26EC-466A-8AB2-EFE773CD9395}.Release|Any CPU.ActiveCfg = Release|Any CPU
		{9BAE0089-26EC-466A-8AB2-EFE773CD9395}.Release|Any CPU.Build.0 = Release|Any CPU
		{3CBB55C4-AB73-43DB-AF44-0DB5002F832C}.Debug|Any CPU.ActiveCfg = Debug|Any CPU
		{3CBB55C4-AB73-43DB-AF44-0DB5002F832C}.Debug|Any CPU.Build.0 = Debug|Any CPU
		{3CBB55C4-AB73-43DB-AF44-0DB5002F832C}.Release|Any CPU.ActiveCfg = Release|Any CPU
		{3CBB55C4-AB73-43DB-AF44-0DB5002F832C}.Release|Any CPU.Build.0 = Release|Any CPU
		{A00EFFB4-072E-41D2-95CA-8D090D5F7B32}.Debug|Any CPU.ActiveCfg = Debug|Any CPU
		{A00EFFB4-072E-41D2-95CA-8D090D5F7B32}.Debug|Any CPU.Build.0 = Debug|Any CPU
		{A00EFFB4-072E-41D2-95CA-8D090D5F7B32}.Release|Any CPU.ActiveCfg = Release|Any CPU
		{A00EFFB4-072E-41D2-95CA-8D090D5F7B32}.Release|Any CPU.Build.0 = Release|Any CPU
		{2C986016-42A0-4CFF-8CD3-F4DAA3177129}.Debug|Any CPU.ActiveCfg = Debug|Any CPU
		{2C986016-42A0-4CFF-8CD3-F4DAA3177129}.Debug|Any CPU.Build.0 = Debug|Any CPU
		{2C986016-42A0-4CFF-8CD3-F4DAA3177129}.Release|Any CPU.ActiveCfg = Release|Any CPU
		{2C986016-42A0-4CFF-8CD3-F4DAA3177129}.Release|Any CPU.Build.0 = Release|Any CPU
		{62F0A49B-D898-468F-A2BB-6767CBD549F5}.Debug|Any CPU.ActiveCfg = Debug|Any CPU
		{62F0A49B-D898-468F-A2BB-6767CBD549F5}.Debug|Any CPU.Build.0 = Debug|Any CPU
		{62F0A49B-D898-468F-A2BB-6767CBD549F5}.Release|Any CPU.ActiveCfg = Release|Any CPU
		{62F0A49B-D898-468F-A2BB-6767CBD549F5}.Release|Any CPU.Build.0 = Release|Any CPU
	EndGlobalSection
	GlobalSection(SolutionProperties) = preSolution
		HideSolutionNode = FALSE
	EndGlobalSection
	GlobalSection(ExtensibilityGlobals) = postSolution
		SolutionGuid = {1E0303C9-D2CC-445E-B3F0-4823DC9AFC35}
	EndGlobalSection
EndGlobal
